
Microsoft Visual Studio Solution File, Format Version 12.00
# Visual Studio Version 16
VisualStudioVersion = 16.0.31729.503
MinimumVisualStudioVersion = 10.0.40219.1
Project("{FAE04EC0-301F-11D3-BF4B-00C04F79EFBC}") = "Year4000", "Year4000\Year4000.csproj", "{4E2BEAEE-E896-43B0-829E-F77943509C87}"
EndProject
Global
	GlobalSection(SolutionConfigurationPlatforms) = preSolution
		Debug|Any CPU = Debug|Any CPU
		Release|Any CPU = Release|Any CPU
	EndGlobalSection
	GlobalSection(ProjectConfigurationPlatforms) = postSolution
		{4E2BEAEE-E896-43B0-829E-F77943509C87}.Debug|Any CPU.ActiveCfg = Debug|Any CPU
		{4E2BEAEE-E896-43B0-829E-F77943509C87}.Debug|Any CPU.Build.0 = Debug|Any CPU
		{4E2BEAEE-E896-43B0-829E-F77943509C87}.Release|Any CPU.ActiveCfg = Release|Any CPU
		{4E2BEAEE-E896-43B0-829E-F77943509C87}.Release|Any CPU.Build.0 = Release|Any CPU
	EndGlobalSection
	GlobalSection(SolutionProperties) = preSolution
		HideSolutionNode = FALSE
	EndGlobalSection
	GlobalSection(ExtensibilityGlobals) = postSolution
		SolutionGuid = {E0EFD3A3-434E-46C2-BB52-E645D968B8ED}
	EndGlobalSection
EndGlobal
